
Microsoft Visual Studio Solution File, Format Version 12.00
# Visual Studio Version 17
VisualStudioVersion = 17.5.33530.505
MinimumVisualStudioVersion = 10.0.40219.1
Project("{FAE04EC0-301F-11D3-BF4B-00C04F79EFBC}") = "EntityFramework7Relationships", "EntityFramework7Relationships\EntityFramework7Relationships.csproj", "{13DA07D8-094E-407F-83FA-FA68F48F147F}"
EndProject
Global
	GlobalSection(SolutionConfigurationPlatforms) = preSolution
		Debug|Any CPU = Debug|Any CPU
		Release|Any CPU = Release|Any CPU
	EndGlobalSection
	GlobalSection(ProjectConfigurationPlatforms) = postSolution
		{13DA07D8-094E-407F-83FA-FA68F48F147F}.Debug|Any CPU.ActiveCfg = Debug|Any CPU
		{13DA07D8-094E-407F-83FA-FA68F48F147F}.Debug|Any CPU.Build.0 = Debug|Any CPU
		{13DA07D8-094E-407F-83FA-FA68F48F147F}.Release|Any CPU.ActiveCfg = Release|Any CPU
		{13DA07D8-094E-407F-83FA-FA68F48F147F}.Release|Any CPU.Build.0 = Release|Any CPU
	EndGlobalSection
	GlobalSection(SolutionProperties) = preSolution
		HideSolutionNode = FALSE
	EndGlobalSection
	GlobalSection(ExtensibilityGlobals) = postSolution
		SolutionGuid = {B8819F51-3F97-4F89-8B66-BC4B7856F444}
	EndGlobalSection
EndGlobal
